github.com/davecgh/go-spew v1.1.0/go.mod h1:J7Y8YcW2NihsgmVo/mv3lAwl/skON4iLHjSsI+c5H38=
github.com/davecgh/go-spew v1.1.1 h1:vj9j/u1bqnvCEfJOwUhtlOARqs3+rkHYY13jYWTU97c=
github.com/davecgh/go-spew v1.1.1/go.mod h1:J7Y8YcW2NihsgmVo/mv3lAwl/skON4iLHjSsI+c5H38=
github.com/elliotchance/pie/v2 v2.7.0 h1:FqoIKg4uj0G/CrLGuMS9ejnFKa92lxE1dEgBD3pShXg=
github.com/elliotchance/pie/v2 v2.7.0/go.mod h1:18t0dgGFH006g4eVdDtWfgFZPQEgl10IoEO8YWEq3Og=
github.com/hablullah/go-hijri v1.0.2 h1:drT/MZpSZJQXo7jftf5fthArShcaMtsal0Zf/dnmp6k=
github.com/hablullah/go-hijri v1.0.2/go.mod h1:OS5qyYLDjORXzK4O1adFw9Q5WfhOcMdAKglDkcTxgWQ=
github.com/hablullah/go-juliandays v1.0.0 h1:A8YM7wIj16SzlKT0SRJc9CD29iiaUzpBLzh5hr0/5p0=
github.com/hablullah/go-juliandays v1.0.0/go.mod h1:0JOYq4oFOuDja+oospuc61YoX+uNEn7Z6uHYTbBzdGc=
github.com/jalaali/go-jalaali v0.0.0-20210801064154-80525e88d958 h1:qxLoi6CAcXVzjfvu+KXIXJOAsQB62LXjsfbOaErsVzE=
github.com/jalaali/go-jalaali v0.0.0-20210801064154-80525e88d958/go.mod h1:Wqfu7mjUHj9WDzSSPI5KfBclTTEnLveRUFr/ujWnTgE=
github.com/magefile/mage v1.14.0 h1:6QDX3g6z1YvJ4olPhT1wksUcSa/V0a1B+pJb73fBjyo=
github.com/magefile/mage v1.14.0/go.mod h1:z5UZb/iS3GoOSn0JgWuiw7dxlurVYTu+/jHXqQg881A=
github.com/markusmobius/go-re2 v1.6.11 h1:FYnAvYz/CPjcaG288EOSOttedrLmO8AxU639KdSTIMg=
github.com/markusmobius/go-re2 v1.6.11/go.mod h1:e9aWdpeCRGpsE5LC/OwBRk9eyzkXT8mn/rmhj3hDDfQ=
github.com/markusmobius/go-re2 v1.7.1 h1:peWOhnV5AUZZ0zEaaJEfKe1ywfPlunCRiyZTqfM8TpE=
github.com/markusmobius/go-re2 v1.7.1/go.mod h1:Xu71iAfY3yAg0bHZ/wqMLfls9M4sUac+azmTyFkyoTs=
github.com/markusmobius/go-re2 v1.7.3 h1:mknhMIggXz5VmZgcqqcnEZZgeBagzF1y+qc0k2t9F6Y=
github.com/markusmobius/go-re2 v1.7.3/go.mod h1:Xu71iAfY3yAg0bHZ/wqMLfls9M4sUac+azmTyFkyoTs=
github.com/pmezard/go-difflib v1.0.0 h1:4DBwDE0NGyQoBHbLQYPwSUPoCMWR5BEzIk/f1lZbAQM=
github.com/pmezard/go-difflib v1.0.0/go.mod h1:iKH77koFhYxTK1pcRnkKkqfTogsbg7gZNVY4sRDYZ/4=
github.com/stretchr/objx v0.1.0/go.mod h1:HFkY916IF+rwdDfMAkV7OtwuqBVzrE8GR6GFx+wExME=
github.com/stretchr/testify v1.7.1 h1:5TQK59W5E3v0r2duFAb7P95B6hEeOyEnHRa8MjYSMTY=
github.com/stretchr/testify v1.7.1/go.mod h1:6Fq8oRcR53rry900zMqJjRRixrwX3KX962/h/Wwjteg=
github.com/tetratelabs/wazero v1.2.1 h1:J4X2hrGzJvt+wqltuvcSjHQ7ujQxA9gb6PeMs4qlUWs=
github.com/tetratelabs/wazero v1.2.1/go.mod h1:wYx2gNRg8/WihJfSDxA1TIL8H+GkfLYm+bIfbblu9VQ=
github.com/wasilibs/go-re2 v1.2.0 h1:EBE8PqqetncIYi4HyQiH3q73ZVWcrL2UATSm8+jL6Ng=
github.com/wasilibs/go-re2 v1.2.0/go.mod h1:NdBnojD1uYA206Q0pBK/OKX12YZjIxg3fkvK75AbXIo=
github.com/wasilibs/go-re2 v1.3.0 h1:LFhBNzoStM3wMie6rN2slD1cuYH2CGiHpvNL3UtcsMw=
github.com/wasilibs/go-re2 v1.3.0/go.mod h1:AafrCXVvGRJJOImMajgJ2M7rVmWyisVK7sFshbxnVrg=
golang.org/x/exp v0.0.0-20220321173239-a90fa8a75705 h1:ba9YlqfDGTTQ5aZ2fwOoQ1hf32QySyQkR6ODGDzHlnE=
golang.org/x/exp v0.0.0-20220321173239-a90fa8a75705/go.mod h1:lgLbSvA5ygNOMpwM/9anMpWVlVJ7Z+cHWq/eFuinpGE=
golang.org/x/text v0.10.0 h1:UpjohKhiEgNc0CSauXmwYftY1+LlaC75SJwh0SgCX58=
golang.org/x/text v0.10.0/go.mod h1:TvPlkZtksWOMsz7fbANvkp4WM8x/WCo/om8BMLbz+aE=
gopkg.in/check.v1 v0.0.0-20161208181325-20d25e280405/go.mod h1:Co6ibVJAznAaIkqp8huTwlJQCZ016jof/cbN4VW5Yz0=
gopkg.in/yaml.v3 v3.0.0-20200313102051-9f266ea9e77c h1:dUUwHk2QECo/6vqA44rthZ8ie2QXMNeKRTHCNY2nXvo=
gopkg.in/yaml.v3 v3.0.0-20200313102051-9f266ea9e77c/go.mod h1:K4uyk7z7BCEPqu6E+C64Yfv1cQ7kz7rIZviUmN+EgEM=
